
Microsoft Visual Studio Solution File, Format Version 12.00
# Visual Studio Version 17
VisualStudioVersion = 17.9.34701.34
MinimumVisualStudioVersion = 10.0.40219.1
Project("{9A19103F-16F7-4668-BE54-9A1E7A4F7556}") = "MTKDotNetCore.ConsoleApp", "MTKDotNetCore.ConsoleApp\MTKDotNetCore.ConsoleApp.csproj", "{2E86220B-894C-40D0-9C1B-186B54DBEEA4}"
EndProject
Project("{9A19103F-16F7-4668-BE54-9A1E7A4F7556}") = "MTKDotNetCore.RestAPI", "MTKDotNetCore.RestAPI\MTKDotNetCore.RestAPI.csproj", "{AD11D0AD-91B5-47B1-B88F-34B4DDF78FD5}"
EndProject
Project("{9A19103F-16F7-4668-BE54-9A1E7A4F7556}") = "MTKDotNetCore.Shared", "MTKDotNetCore.Shared\MTKDotNetCore.Shared.csproj", "{66FBB707-3E0B-4565-8897-68754C9D5337}"
EndProject
Project("{9A19103F-16F7-4668-BE54-9A1E7A4F7556}") = "MTKDotNetCore.RestAPIWithNLayer", "MTKDotNetCore.RestAPIWithNLayer\MTKDotNetCore.RestAPIWithNLayer.csproj", "{295F41A8-76D1-4E4A-8156-27CDAC6AEBB6}"
EndProject
Project("{9A19103F-16F7-4668-BE54-9A1E7A4F7556}") = "MTKDotNetCore.ConsoleAppJsonData", "MTKDotNetCore.ConsoleAppHTTPClient\MTKDotNetCore.ConsoleAppJsonData.csproj", "{68B77673-12BF-487D-8819-EF14BC9C6253}"
EndProject
Project("{9A19103F-16F7-4668-BE54-9A1E7A4F7556}") = "MTKDotNetCore.ConsoleApp.HTTPClient", "MTKDotNetCore.HTTPClient\MTKDotNetCore.ConsoleApp.HTTPClient.csproj", "{B3CCD71D-CDF0-4534-BE47-83E0932EA2E1}"
EndProject
Project("{FAE04EC0-301F-11D3-BF4B-00C04F79EFBC}") = "MTKDotNetCore.ConsoleApp.RestClient", "MTKDotNetCore.ConsoleApp.RestClient\MTKDotNetCore.ConsoleApp.RestClient.csproj", "{150A9821-E87F-4948-B199-51E3EC9FC9AB}"
EndProject
Global
	GlobalSection(SolutionConfigurationPlatforms) = preSolution
		Debug|Any CPU = Debug|Any CPU
		Release|Any CPU = Release|Any CPU
	EndGlobalSection
	GlobalSection(ProjectConfigurationPlatforms) = postSolution
		{2E86220B-894C-40D0-9C1B-186B54DBEEA4}.Debug|Any CPU.ActiveCfg = Debug|Any CPU
		{2E86220B-894C-40D0-9C1B-186B54DBEEA4}.Debug|Any CPU.Build.0 = Debug|Any CPU
		{2E86220B-894C-40D0-9C1B-186B54DBEEA4}.Release|Any CPU.ActiveCfg = Release|Any CPU
		{2E86220B-894C-40D0-9C1B-186B54DBEEA4}.Release|Any CPU.Build.0 = Release|Any CPU
		{AD11D0AD-91B5-47B1-B88F-34B4DDF78FD5}.Debug|Any CPU.ActiveCfg = Debug|Any CPU
		{AD11D0AD-91B5-47B1-B88F-34B4DDF78FD5}.Debug|Any CPU.Build.0 = Debug|Any CPU
		{AD11D0AD-91B5-47B1-B88F-34B4DDF78FD5}.Release|Any CPU.ActiveCfg = Release|Any CPU
		{AD11D0AD-91B5-47B1-B88F-34B4DDF78FD5}.Release|Any CPU.Build.0 = Release|Any CPU
		{66FBB707-3E0B-4565-8897-68754C9D5337}.Debug|Any CPU.ActiveCfg = Debug|Any CPU
		{66FBB707-3E0B-4565-8897-68754C9D5337}.Debug|Any CPU.Build.0 = Debug|Any CPU
		{66FBB707-3E0B-4565-8897-68754C9D5337}.Release|Any CPU.ActiveCfg = Release|Any CPU
		{66FBB707-3E0B-4565-8897-68754C9D5337}.Release|Any CPU.Build.0 = Release|Any CPU
		{295F41A8-76D1-4E4A-8156-27CDAC6AEBB6}.Debug|Any CPU.ActiveCfg = Debug|Any CPU
		{295F41A8-76D1-4E4A-8156-27CDAC6AEBB6}.Debug|Any CPU.Build.0 = Debug|Any CPU
		{295F41A8-76D1-4E4A-8156-27CDAC6AEBB6}.Release|Any CPU.ActiveCfg = Release|Any CPU
		{295F41A8-76D1-4E4A-8156-27CDAC6AEBB6}.Release|Any CPU.Build.0 = Release|Any CPU
		{68B77673-12BF-487D-8819-EF14BC9C6253}.Debug|Any CPU.ActiveCfg = Debug|Any CPU
		{68B77673-12BF-487D-8819-EF14BC9C6253}.Debug|Any CPU.Build.0 = Debug|Any CPU
		{68B77673-12BF-487D-8819-EF14BC9C6253}.Release|Any CPU.ActiveCfg = Release|Any CPU
		{68B77673-12BF-487D-8819-EF14BC9C6253}.Release|Any CPU.Build.0 = Release|Any CPU
		{B3CCD71D-CDF0-4534-BE47-83E0932EA2E1}.Debug|Any CPU.ActiveCfg = Debug|Any CPU
		{B3CCD71D-CDF0-4534-BE47-83E0932EA2E1}.Debug|Any CPU.Build.0 = Debug|Any CPU
		{B3CCD71D-CDF0-4534-BE47-83E0932EA2E1}.Release|Any CPU.ActiveCfg = Release|Any CPU
		{B3CCD71D-CDF0-4534-BE47-83E0932EA2E1}.Release|Any CPU.Build.0 = Release|Any CPU
		{150A9821-E87F-4948-B199-51E3EC9FC9AB}.Debug|Any CPU.ActiveCfg = Debug|Any CPU
		{150A9821-E87F-4948-B199-51E3EC9FC9AB}.Debug|Any CPU.Build.0 = Debug|Any CPU
		{150A9821-E87F-4948-B199-51E3EC9FC9AB}.Release|Any CPU.ActiveCfg = Release|Any CPU
		{150A9821-E87F-4948-B199-51E3EC9FC9AB}.Release|Any CPU.Build.0 = Release|Any CPU
	EndGlobalSection
	GlobalSection(SolutionProperties) = preSolution
		HideSolutionNode = FALSE
	EndGlobalSection
	GlobalSection(ExtensibilityGlobals) = postSolution
		SolutionGuid = {0382B83A-BADF-45CF-A6D6-DBBB038E667A}
	EndGlobalSection
EndGlobal
